
Microsoft Visual Studio Solution File, Format Version 12.00
# Visual Studio Version 17
VisualStudioVersion = 17.1.32319.34
MinimumVisualStudioVersion = 10.0.40219.1
Project("{9A19103F-16F7-4668-BE54-9A1E7A4F7556}") = "SocialNetwork", "SocialNetwork\SocialNetwork.csproj", "{4C38FC14-DC7C-4073-BCB6-E5C35506C057}"
EndProject
Project("{9A19103F-16F7-4668-BE54-9A1E7A4F7556}") = "SocialNetwork.Tests", "SocialNetwork.Tests\SocialNetwork.Tests.csproj", "{66A1FCED-E3B3-4E16-9D5E-6583FEB41597}"
EndProject
Project("{2150E333-8FDC-42A3-9474-1A3956D46DE8}") = "Docs", "Docs", "{AE9A253A-215F-4940-86E1-C8684E46171D}"
	ProjectSection(SolutionItems) = preProject
		KataDescription.txt = KataDescription.txt
	EndProjectSection
EndProject
Project("{FAE04EC0-301F-11D3-BF4B-00C04F79EFBC}") = "SocialNetwork.Specs", "SocialNetwork.Specs\SocialNetwork.Specs.csproj", "{5128236C-8898-47BD-91BE-7AC5F39CD6DD}"
EndProject
Global
	GlobalSection(SolutionConfigurationPlatforms) = preSolution
		Debug|Any CPU = Debug|Any CPU
		Release|Any CPU = Release|Any CPU
	EndGlobalSection
	GlobalSection(ProjectConfigurationPlatforms) = postSolution
		{4C38FC14-DC7C-4073-BCB6-E5C35506C057}.Debug|Any CPU.ActiveCfg = Debug|Any CPU
		{4C38FC14-DC7C-4073-BCB6-E5C35506C057}.Debug|Any CPU.Build.0 = Debug|Any CPU
		{4C38FC14-DC7C-4073-BCB6-E5C35506C057}.Release|Any CPU.ActiveCfg = Release|Any CPU
		{4C38FC14-DC7C-4073-BCB6-E5C35506C057}.Release|Any CPU.Build.0 = Release|Any CPU
		{66A1FCED-E3B3-4E16-9D5E-6583FEB41597}.Debug|Any CPU.ActiveCfg = Debug|Any CPU
		{66A1FCED-E3B3-4E16-9D5E-6583FEB41597}.Debug|Any CPU.Build.0 = Debug|Any CPU
		{66A1FCED-E3B3-4E16-9D5E-6583FEB41597}.Release|Any CPU.ActiveCfg = Release|Any CPU
		{66A1FCED-E3B3-4E16-9D5E-6583FEB41597}.Release|Any CPU.Build.0 = Release|Any CPU
		{5128236C-8898-47BD-91BE-7AC5F39CD6DD}.Debug|Any CPU.ActiveCfg = Debug|Any CPU
		{5128236C-8898-47BD-91BE-7AC5F39CD6DD}.Debug|Any CPU.Build.0 = Debug|Any CPU
		{5128236C-8898-47BD-91BE-7AC5F39CD6DD}.Release|Any CPU.ActiveCfg = Release|Any CPU
		{5128236C-8898-47BD-91BE-7AC5F39CD6DD}.Release|Any CPU.Build.0 = Release|Any CPU
	EndGlobalSection
	GlobalSection(SolutionProperties) = preSolution
		HideSolutionNode = FALSE
	EndGlobalSection
	GlobalSection(ExtensibilityGlobals) = postSolution
		SolutionGuid = {6556C780-C90F-4414-A466-1F929AC45CFF}
	EndGlobalSection
EndGlobal
